
Microsoft Visual Studio Solution File, Format Version 12.00
# Visual Studio Version 17
VisualStudioVersion = 17.4.33213.308
MinimumVisualStudioVersion = 10.0.40219.1
Project("{FAE04EC0-301F-11D3-BF4B-00C04F79EFBC}") = "CSharpFundamentals", "CSharpFundamentals\CSharpFundamentals.csproj", "{AE408066-6B12-4213-B0A5-749ECA6FD80A}"
EndProject
Global
	GlobalSection(SolutionConfigurationPlatforms) = preSolution
		Debug|Any CPU = Debug|Any CPU
		Release|Any CPU = Release|Any CPU
	EndGlobalSection
	GlobalSection(ProjectConfigurationPlatforms) = postSolution
		{AE408066-6B12-4213-B0A5-749ECA6FD80A}.Debug|Any CPU.ActiveCfg = Debug|Any CPU
		{AE408066-6B12-4213-B0A5-749ECA6FD80A}.Debug|Any CPU.Build.0 = Debug|Any CPU
		{AE408066-6B12-4213-B0A5-749ECA6FD80A}.Release|Any CPU.ActiveCfg = Release|Any CPU
		{AE408066-6B12-4213-B0A5-749ECA6FD80A}.Release|Any CPU.Build.0 = Release|Any CPU
	EndGlobalSection
	GlobalSection(SolutionProperties) = preSolution
		HideSolutionNode = FALSE
	EndGlobalSection
	GlobalSection(ExtensibilityGlobals) = postSolution
		SolutionGuid = {BFD2F808-8F1A-4A67-B2E1-14BBC69E74AE}
	EndGlobalSection
EndGlobal
